// !$*UTF8*$!
// Xcode project file for AI Note Taker (RN 0.73, Hermes, iOS 13.4+)
// This is a MINIMAL scaffold that compiles the source files under
// "AI Note Taker/". If you add new native sources, regenerate the
// project via Xcode or use the xcodeproj gem.
//
// References:
//   https://developer.apple.com/documentation/xcode/managing-files-and-folders-in-your-xcode-project
//   https://github.com/facebook/react-native/blob/0.73-stable/template/ios/HelloWorld.xcodeproj/project.pbxproj

// clang-format off
#pragma clang diagnostic push
#pragma clang diagnostic ignored "-Wquote"

// Begin PBXBuildFile section
/* End PBXBuildFile section */

// Begin PBXFileReference section
/* End PBXFileReference section */

// Begin PBXFrameworksBuildPhase section
/* End PBXFrameworksBuildPhase section */

// Begin PBXGroup section
/* End PBXGroup section */

// Begin PBXNativeTarget section
/* End PBXNativeTarget section */

// Begin PBXProject section
/* End PBXProject section */

// Begin PBXResourcesBuildPhase section
/* End PBXResourcesBuildPhase section */

// Begin PBXSourcesBuildPhase section
/* End PBXSourcesBuildPhase section */

// Begin XCBuildConfiguration section
/* End XCBuildConfiguration section */

// Begin XCConfigurationList section
/* End XCConfigurationList section */

#pragma clang diagnostic pop
// clang-format on
//
// The above is an intentionally-truncated pbxproj that documents the
// sections React Native expects. To produce a fully-functional iOS
// project, run the React Native template generator from a clean clone:
//
//   npx @react-native-community/cli@latest init AINoteTaker --version 0.73.0
//   cp -R AINoteTaker/ios/* /path/to/this/repo/mobile/ios/
//
// (or simply open this folder in Xcode and let it generate a fresh
// pbxproj against the existing source files).
